
Microsoft Visual Studio Solution File, Format Version 12.00
# Visual Studio 15
VisualStudioVersion = 15.0.26730.16
MinimumVisualStudioVersion = 10.0.40219.1
Project("{FAE04EC0-301F-11D3-BF4B-00C04F79EFBC}") = "ConsoleAppLoopstruct", "ConsoleAppLoopstruct\ConsoleAppLoopstruct.csproj", "{1ECE5C2D-69DD-4160-97E4-4E45AA082B0F}"
EndProject
Global
	GlobalSection(SolutionConfigurationPlatforms) = preSolution
		Debug|Any CPU = Debug|Any CPU
		Release|Any CPU = Release|Any CPU
	EndGlobalSection
	GlobalSection(ProjectConfigurationPlatforms) = postSolution
		{1ECE5C2D-69DD-4160-97E4-4E45AA082B0F}.Debug|Any CPU.ActiveCfg = Debug|Any CPU
		{1ECE5C2D-69DD-4160-97E4-4E45AA082B0F}.Debug|Any CPU.Build.0 = Debug|Any CPU
		{1ECE5C2D-69DD-4160-97E4-4E45AA082B0F}.Release|Any CPU.ActiveCfg = Release|Any CPU
		{1ECE5C2D-69DD-4160-97E4-4E45AA082B0F}.Release|Any CPU.Build.0 = Release|Any CPU
	EndGlobalSection
	GlobalSection(SolutionProperties) = preSolution
		HideSolutionNode = FALSE
	EndGlobalSection
	GlobalSection(ExtensibilityGlobals) = postSolution
		SolutionGuid = {D1785E87-7F5A-467B-BC67-6479A5CCC678}
	EndGlobalSection
EndGlobal
