
Microsoft Visual Studio Solution File, Format Version 12.00
# Visual Studio 15
VisualStudioVersion = 15.0.26730.16
MinimumVisualStudioVersion = 10.0.40219.1
Project("{FAE04EC0-301F-11D3-BF4B-00C04F79EFBC}") = "ConsoleAppParameter", "ConsoleAppParameter\ConsoleAppParameter.csproj", "{BFF29A7F-4D2F-4FD5-AC54-8CBF30FCF69A}"
EndProject
Global
	GlobalSection(SolutionConfigurationPlatforms) = preSolution
		Debug|Any CPU = Debug|Any CPU
		Release|Any CPU = Release|Any CPU
	EndGlobalSection
	GlobalSection(ProjectConfigurationPlatforms) = postSolution
		{BFF29A7F-4D2F-4FD5-AC54-8CBF30FCF69A}.Debug|Any CPU.ActiveCfg = Debug|Any CPU
		{BFF29A7F-4D2F-4FD5-AC54-8CBF30FCF69A}.Debug|Any CPU.Build.0 = Debug|Any CPU
		{BFF29A7F-4D2F-4FD5-AC54-8CBF30FCF69A}.Release|Any CPU.ActiveCfg = Release|Any CPU
		{BFF29A7F-4D2F-4FD5-AC54-8CBF30FCF69A}.Release|Any CPU.Build.0 = Release|Any CPU
	EndGlobalSection
	GlobalSection(SolutionProperties) = preSolution
		HideSolutionNode = FALSE
	EndGlobalSection
	GlobalSection(ExtensibilityGlobals) = postSolution
		SolutionGuid = {8BB49611-5DB3-4409-804B-3C1551CEC275}
	EndGlobalSection
EndGlobal
