
Microsoft Visual Studio Solution File, Format Version 12.00
# Visual Studio 15
VisualStudioVersion = 15.0.26730.16
MinimumVisualStudioVersion = 10.0.40219.1
Project("{FAE04EC0-301F-11D3-BF4B-00C04F79EFBC}") = "OopsHndsonCalc", "OopsHndsonCalc\OopsHndsonCalc.csproj", "{7702DC0A-2B20-43DA-B706-E72173E990FB}"
EndProject
Global
	GlobalSection(SolutionConfigurationPlatforms) = preSolution
		Debug|Any CPU = Debug|Any CPU
		Release|Any CPU = Release|Any CPU
	EndGlobalSection
	GlobalSection(ProjectConfigurationPlatforms) = postSolution
		{7702DC0A-2B20-43DA-B706-E72173E990FB}.Debug|Any CPU.ActiveCfg = Debug|Any CPU
		{7702DC0A-2B20-43DA-B706-E72173E990FB}.Debug|Any CPU.Build.0 = Debug|Any CPU
		{7702DC0A-2B20-43DA-B706-E72173E990FB}.Release|Any CPU.ActiveCfg = Release|Any CPU
		{7702DC0A-2B20-43DA-B706-E72173E990FB}.Release|Any CPU.Build.0 = Release|Any CPU
	EndGlobalSection
	GlobalSection(SolutionProperties) = preSolution
		HideSolutionNode = FALSE
	EndGlobalSection
	GlobalSection(ExtensibilityGlobals) = postSolution
		SolutionGuid = {88B16594-4A1F-4A9B-A806-701693FBF22C}
	EndGlobalSection
EndGlobal
