
Microsoft Visual Studio Solution File, Format Version 12.00
# Visual Studio 15
VisualStudioVersion = 15.0.26730.16
MinimumVisualStudioVersion = 10.0.40219.1
Project("{FAE04EC0-301F-11D3-BF4B-00C04F79EFBC}") = "strings", "strings\strings.csproj", "{BA31E4D2-5158-4900-A0B4-790CB0CA1C49}"
EndProject
Global
	GlobalSection(SolutionConfigurationPlatforms) = preSolution
		Debug|Any CPU = Debug|Any CPU
		Release|Any CPU = Release|Any CPU
	EndGlobalSection
	GlobalSection(ProjectConfigurationPlatforms) = postSolution
		{BA31E4D2-5158-4900-A0B4-790CB0CA1C49}.Debug|Any CPU.ActiveCfg = Debug|Any CPU
		{BA31E4D2-5158-4900-A0B4-790CB0CA1C49}.Debug|Any CPU.Build.0 = Debug|Any CPU
		{BA31E4D2-5158-4900-A0B4-790CB0CA1C49}.Release|Any CPU.ActiveCfg = Release|Any CPU
		{BA31E4D2-5158-4900-A0B4-790CB0CA1C49}.Release|Any CPU.Build.0 = Release|Any CPU
	EndGlobalSection
	GlobalSection(SolutionProperties) = preSolution
		HideSolutionNode = FALSE
	EndGlobalSection
	GlobalSection(ExtensibilityGlobals) = postSolution
		SolutionGuid = {D61C26B5-CC39-44C3-A083-629B03AD13D2}
	EndGlobalSection
EndGlobal
