
Microsoft Visual Studio Solution File, Format Version 12.00
# Visual Studio 15
VisualStudioVersion = 15.0.26730.16
MinimumVisualStudioVersion = 10.0.40219.1
Project("{FAE04EC0-301F-11D3-BF4B-00C04F79EFBC}") = "OopsDemo1Constructor", "OopsDemo1Constructor\OopsDemo1Constructor.csproj", "{512E7551-D7B8-486B-ABBB-FFAE79C231D1}"
EndProject
Global
	GlobalSection(SolutionConfigurationPlatforms) = preSolution
		Debug|Any CPU = Debug|Any CPU
		Release|Any CPU = Release|Any CPU
	EndGlobalSection
	GlobalSection(ProjectConfigurationPlatforms) = postSolution
		{512E7551-D7B8-486B-ABBB-FFAE79C231D1}.Debug|Any CPU.ActiveCfg = Debug|Any CPU
		{512E7551-D7B8-486B-ABBB-FFAE79C231D1}.Debug|Any CPU.Build.0 = Debug|Any CPU
		{512E7551-D7B8-486B-ABBB-FFAE79C231D1}.Release|Any CPU.ActiveCfg = Release|Any CPU
		{512E7551-D7B8-486B-ABBB-FFAE79C231D1}.Release|Any CPU.Build.0 = Release|Any CPU
	EndGlobalSection
	GlobalSection(SolutionProperties) = preSolution
		HideSolutionNode = FALSE
	EndGlobalSection
	GlobalSection(ExtensibilityGlobals) = postSolution
		SolutionGuid = {AA78A608-91F9-4D5F-84E9-8687A2A1A780}
	EndGlobalSection
EndGlobal
