
Microsoft Visual Studio Solution File, Format Version 12.00
# Visual Studio 15
VisualStudioVersion = 15.0.26730.16
MinimumVisualStudioVersion = 10.0.40219.1
Project("{FAE04EC0-301F-11D3-BF4B-00C04F79EFBC}") = "Task16", "Task16\Task16.csproj", "{DB31D986-0D19-4C7D-BE5E-ED0F3B08AB0B}"
EndProject
Global
	GlobalSection(SolutionConfigurationPlatforms) = preSolution
		Debug|Any CPU = Debug|Any CPU
		Release|Any CPU = Release|Any CPU
	EndGlobalSection
	GlobalSection(ProjectConfigurationPlatforms) = postSolution
		{DB31D986-0D19-4C7D-BE5E-ED0F3B08AB0B}.Debug|Any CPU.ActiveCfg = Debug|Any CPU
		{DB31D986-0D19-4C7D-BE5E-ED0F3B08AB0B}.Debug|Any CPU.Build.0 = Debug|Any CPU
		{DB31D986-0D19-4C7D-BE5E-ED0F3B08AB0B}.Release|Any CPU.ActiveCfg = Release|Any CPU
		{DB31D986-0D19-4C7D-BE5E-ED0F3B08AB0B}.Release|Any CPU.Build.0 = Release|Any CPU
	EndGlobalSection
	GlobalSection(SolutionProperties) = preSolution
		HideSolutionNode = FALSE
	EndGlobalSection
	GlobalSection(ExtensibilityGlobals) = postSolution
		SolutionGuid = {85AF9F4C-027C-4A93-BE7D-35D439F1E729}
	EndGlobalSection
EndGlobal
