
Microsoft Visual Studio Solution File, Format Version 12.00
# Visual Studio 15
VisualStudioVersion = 15.0.26730.16
MinimumVisualStudioVersion = 10.0.40219.1
Project("{FAE04EC0-301F-11D3-BF4B-00C04F79EFBC}") = "IndexDemo", "IndexDemo\IndexDemo.csproj", "{4830681F-5595-4989-97DB-4C7862A02BB7}"
EndProject
Global
	GlobalSection(SolutionConfigurationPlatforms) = preSolution
		Debug|Any CPU = Debug|Any CPU
		Release|Any CPU = Release|Any CPU
	EndGlobalSection
	GlobalSection(ProjectConfigurationPlatforms) = postSolution
		{4830681F-5595-4989-97DB-4C7862A02BB7}.Debug|Any CPU.ActiveCfg = Debug|Any CPU
		{4830681F-5595-4989-97DB-4C7862A02BB7}.Debug|Any CPU.Build.0 = Debug|Any CPU
		{4830681F-5595-4989-97DB-4C7862A02BB7}.Release|Any CPU.ActiveCfg = Release|Any CPU
		{4830681F-5595-4989-97DB-4C7862A02BB7}.Release|Any CPU.Build.0 = Release|Any CPU
	EndGlobalSection
	GlobalSection(SolutionProperties) = preSolution
		HideSolutionNode = FALSE
	EndGlobalSection
	GlobalSection(ExtensibilityGlobals) = postSolution
		SolutionGuid = {64D00D05-BE0F-475E-AD18-A8A25F79A26A}
	EndGlobalSection
EndGlobal
