
Microsoft Visual Studio Solution File, Format Version 12.00
# Visual Studio 15
VisualStudioVersion = 15.0.26730.16
MinimumVisualStudioVersion = 10.0.40219.1
Project("{FAE04EC0-301F-11D3-BF4B-00C04F79EFBC}") = "ConsoleAppControlStruct", "ConsoleAppControlStruct\ConsoleAppControlStruct.csproj", "{23E4599E-CEC4-4F44-A231-27173BD5F509}"
EndProject
Global
	GlobalSection(SolutionConfigurationPlatforms) = preSolution
		Debug|Any CPU = Debug|Any CPU
		Release|Any CPU = Release|Any CPU
	EndGlobalSection
	GlobalSection(ProjectConfigurationPlatforms) = postSolution
		{23E4599E-CEC4-4F44-A231-27173BD5F509}.Debug|Any CPU.ActiveCfg = Debug|Any CPU
		{23E4599E-CEC4-4F44-A231-27173BD5F509}.Debug|Any CPU.Build.0 = Debug|Any CPU
		{23E4599E-CEC4-4F44-A231-27173BD5F509}.Release|Any CPU.ActiveCfg = Release|Any CPU
		{23E4599E-CEC4-4F44-A231-27173BD5F509}.Release|Any CPU.Build.0 = Release|Any CPU
	EndGlobalSection
	GlobalSection(SolutionProperties) = preSolution
		HideSolutionNode = FALSE
	EndGlobalSection
	GlobalSection(ExtensibilityGlobals) = postSolution
		SolutionGuid = {3099FEF1-AB4A-4F55-A242-91FF40E9701F}
	EndGlobalSection
EndGlobal
