
Microsoft Visual Studio Solution File, Format Version 12.00
# Visual Studio 15
VisualStudioVersion = 15.0.26730.16
MinimumVisualStudioVersion = 10.0.40219.1
Project("{FAE04EC0-301F-11D3-BF4B-00C04F79EFBC}") = "Iairborne", "Iairborne\Iairborne.csproj", "{26A6C4A4-9022-4CB7-91FB-C269D398563C}"
EndProject
Global
	GlobalSection(SolutionConfigurationPlatforms) = preSolution
		Debug|Any CPU = Debug|Any CPU
		Release|Any CPU = Release|Any CPU
	EndGlobalSection
	GlobalSection(ProjectConfigurationPlatforms) = postSolution
		{26A6C4A4-9022-4CB7-91FB-C269D398563C}.Debug|Any CPU.ActiveCfg = Debug|Any CPU
		{26A6C4A4-9022-4CB7-91FB-C269D398563C}.Debug|Any CPU.Build.0 = Debug|Any CPU
		{26A6C4A4-9022-4CB7-91FB-C269D398563C}.Release|Any CPU.ActiveCfg = Release|Any CPU
		{26A6C4A4-9022-4CB7-91FB-C269D398563C}.Release|Any CPU.Build.0 = Release|Any CPU
	EndGlobalSection
	GlobalSection(SolutionProperties) = preSolution
		HideSolutionNode = FALSE
	EndGlobalSection
	GlobalSection(ExtensibilityGlobals) = postSolution
		SolutionGuid = {4DE3DE79-FF64-4A83-B63A-6CE148566A5C}
	EndGlobalSection
EndGlobal
